
Microsoft Visual Studio Solution File, Format Version 12.00
# Visual Studio Version 17
VisualStudioVersion = 17.5.33516.290
MinimumVisualStudioVersion = 10.0.40219.1
Project("{9A19103F-16F7-4668-BE54-9A1E7A4F7556}") = "RegisterTestApp.UI", "RegisterTestApp.UI\RegisterTestApp.UI.csproj", "{4EC7E8EA-4939-4684-B248-1FE0D8AA4E2B}"
EndProject
Project("{FAE04EC0-301F-11D3-BF4B-00C04F79EFBC}") = "RegisterTestApp.Service", "RegisterTestApp.BL\RegisterTestApp.Service.csproj", "{51DAA9FB-F30C-443D-B2DE-2342A41B0377}"
EndProject
Global
	GlobalSection(SolutionConfigurationPlatforms) = preSolution
		Debug|Any CPU = Debug|Any CPU
		Release|Any CPU = Release|Any CPU
	EndGlobalSection
	GlobalSection(ProjectConfigurationPlatforms) = postSolution
		{4EC7E8EA-4939-4684-B248-1FE0D8AA4E2B}.Debug|Any CPU.ActiveCfg = Debug|Any CPU
		{4EC7E8EA-4939-4684-B248-1FE0D8AA4E2B}.Debug|Any CPU.Build.0 = Debug|Any CPU
		{4EC7E8EA-4939-4684-B248-1FE0D8AA4E2B}.Release|Any CPU.ActiveCfg = Release|Any CPU
		{4EC7E8EA-4939-4684-B248-1FE0D8AA4E2B}.Release|Any CPU.Build.0 = Release|Any CPU
		{51DAA9FB-F30C-443D-B2DE-2342A41B0377}.Debug|Any CPU.ActiveCfg = Debug|Any CPU
		{51DAA9FB-F30C-443D-B2DE-2342A41B0377}.Debug|Any CPU.Build.0 = Debug|Any CPU
		{51DAA9FB-F30C-443D-B2DE-2342A41B0377}.Release|Any CPU.ActiveCfg = Release|Any CPU
		{51DAA9FB-F30C-443D-B2DE-2342A41B0377}.Release|Any CPU.Build.0 = Release|Any CPU
	EndGlobalSection
	GlobalSection(SolutionProperties) = preSolution
		HideSolutionNode = FALSE
	EndGlobalSection
	GlobalSection(ExtensibilityGlobals) = postSolution
		SolutionGuid = {95344DB0-67BE-4115-BD97-E6E275323E79}
	EndGlobalSection
EndGlobal
